
Microsoft Visual Studio Solution File, Format Version 12.00
# Visual Studio 15
Project("{FAE04EC0-301F-11D3-BF4B-00C04F79EFBC}") = "Assembly-CSharp", "Assembly-CSharp.csproj", "{8A18D8C1-52AD-2E99-478A-679B61E47F95}"
EndProject
Project("{FAE04EC0-301F-11D3-BF4B-00C04F79EFBC}") = "AYellowpaper.SerializedCollections", "AYellowpaper.SerializedCollections.csproj", "{5B6D276C-975F-388E-426C-BBBF64937612}"
EndProject
Project("{FAE04EC0-301F-11D3-BF4B-00C04F79EFBC}") = "Assembly-CSharp-Editor", "Assembly-CSharp-Editor.csproj", "{8D0F3B16-224C-83A8-E88D-05973DDFFA1E}"
EndProject
Project("{FAE04EC0-301F-11D3-BF4B-00C04F79EFBC}") = "AYellowpaper.SerializedCollections.Editor", "AYellowpaper.SerializedCollections.Editor.csproj", "{1D7E3C50-2192-609B-2638-044CFAAAA088}"
EndProject
Project("{FAE04EC0-301F-11D3-BF4B-00C04F79EFBC}") = "Assembly-CSharp-firstpass", "Assembly-CSharp-firstpass.csproj", "{5A952D28-2DF8-9146-6AC9-175A8A66E5D0}"
EndProject
Project("{FAE04EC0-301F-11D3-BF4B-00C04F79EFBC}") = "RotaryHeart", "RotaryHeart.csproj", "{252FCC19-1750-BDD3-00D7-E94850F905FA}"
EndProject
Global
	GlobalSection(SolutionConfigurationPlatforms) = preSolution
		Debug|Any CPU = Debug|Any CPU
		Release|Any CPU = Release|Any CPU
	EndGlobalSection
	GlobalSection(ProjectConfigurationPlatforms) = postSolution
		{8A18D8C1-52AD-2E99-478A-679B61E47F95}.Debug|Any CPU.ActiveCfg = Debug|Any CPU
		{8A18D8C1-52AD-2E99-478A-679B61E47F95}.Debug|Any CPU.Build.0 = Debug|Any CPU
		{8A18D8C1-52AD-2E99-478A-679B61E47F95}.Release|Any CPU.ActiveCfg = Release|Any CPU
		{8A18D8C1-52AD-2E99-478A-679B61E47F95}.Release|Any CPU.Build.0 = Release|Any CPU
		{5B6D276C-975F-388E-426C-BBBF64937612}.Debug|Any CPU.ActiveCfg = Debug|Any CPU
		{5B6D276C-975F-388E-426C-BBBF64937612}.Debug|Any CPU.Build.0 = Debug|Any CPU
		{5B6D276C-975F-388E-426C-BBBF64937612}.Release|Any CPU.ActiveCfg = Release|Any CPU
		{5B6D276C-975F-388E-426C-BBBF64937612}.Release|Any CPU.Build.0 = Release|Any CPU
		{8D0F3B16-224C-83A8-E88D-05973DDFFA1E}.Debug|Any CPU.ActiveCfg = Debug|Any CPU
		{8D0F3B16-224C-83A8-E88D-05973DDFFA1E}.Debug|Any CPU.Build.0 = Debug|Any CPU
		{8D0F3B16-224C-83A8-E88D-05973DDFFA1E}.Release|Any CPU.ActiveCfg = Release|Any CPU
		{8D0F3B16-224C-83A8-E88D-05973DDFFA1E}.Release|Any CPU.Build.0 = Release|Any CPU
		{1D7E3C50-2192-609B-2638-044CFAAAA088}.Debug|Any CPU.ActiveCfg = Debug|Any CPU
		{1D7E3C50-2192-609B-2638-044CFAAAA088}.Debug|Any CPU.Build.0 = Debug|Any CPU
		{1D7E3C50-2192-609B-2638-044CFAAAA088}.Release|Any CPU.ActiveCfg = Release|Any CPU
		{1D7E3C50-2192-609B-2638-044CFAAAA088}.Release|Any CPU.Build.0 = Release|Any CPU
		{5A952D28-2DF8-9146-6AC9-175A8A66E5D0}.Debug|Any CPU.ActiveCfg = Debug|Any CPU
		{5A952D28-2DF8-9146-6AC9-175A8A66E5D0}.Debug|Any CPU.Build.0 = Debug|Any CPU
		{5A952D28-2DF8-9146-6AC9-175A8A66E5D0}.Release|Any CPU.ActiveCfg = Release|Any CPU
		{5A952D28-2DF8-9146-6AC9-175A8A66E5D0}.Release|Any CPU.Build.0 = Release|Any CPU
		{252FCC19-1750-BDD3-00D7-E94850F905FA}.Debug|Any CPU.ActiveCfg = Debug|Any CPU
		{252FCC19-1750-BDD3-00D7-E94850F905FA}.Debug|Any CPU.Build.0 = Debug|Any CPU
		{252FCC19-1750-BDD3-00D7-E94850F905FA}.Release|Any CPU.ActiveCfg = Release|Any CPU
		{252FCC19-1750-BDD3-00D7-E94850F905FA}.Release|Any CPU.Build.0 = Release|Any CPU
	EndGlobalSection
	GlobalSection(SolutionProperties) = preSolution
		HideSolutionNode = FALSE
	EndGlobalSection
EndGlobal
